# THIS IS AN AUTOGENERATED FILE. DO NOT EDIT THIS FILE DIRECTLY.
# yarn lockfile v1


"@stripe/stripe-js@^5.2.0":
  version "5.2.0"
  resolved "https://registry.yarnpkg.com/@stripe/stripe-js/-/stripe-js-5.2.0.tgz#2d696ed622def8c4407c658d8294c3e0365b0f1b"
  integrity sha512-2ZpEaezx3S0QPtnske175NDaLvUvaVKd4ePHpUN0QF/uV4BBBBRUy5BvQONDym+utbbW0QhSJoiRPnp4FS+4Vg==
